
Microsoft Visual Studio Solution File, Format Version 12.00
# Visual Studio Version 16
VisualStudioVersion = 16.0.32228.343
MinimumVisualStudioVersion = 10.0.40219.1
Project("{8BC9CEB8-8B4A-11D0-8D11-00A0C91BC942}") = "qt5wb-8-2", "qt5wb-8-2.vcxproj", "{5FB88AD5-079F-43E7-9FE7-9B1D4690DE74}"
EndProject
Global
	GlobalSection(SolutionConfigurationPlatforms) = preSolution
		Debug|x64 = Debug|x64
		Release|x64 = Release|x64
	EndGlobalSection
	GlobalSection(ProjectConfigurationPlatforms) = postSolution
		{5FB88AD5-079F-43E7-9FE7-9B1D4690DE74}.Debug|x64.ActiveCfg = Debug|x64
		{5FB88AD5-079F-43E7-9FE7-9B1D4690DE74}.Debug|x64.Build.0 = Debug|x64
		{5FB88AD5-079F-43E7-9FE7-9B1D4690DE74}.Release|x64.ActiveCfg = Release|x64
		{5FB88AD5-079F-43E7-9FE7-9B1D4690DE74}.Release|x64.Build.0 = Release|x64
	EndGlobalSection
	GlobalSection(SolutionProperties) = preSolution
		HideSolutionNode = FALSE
	EndGlobalSection
	GlobalSection(ExtensibilityGlobals) = postSolution
		SolutionGuid = {88594A1E-5E69-4433-8B77-7361F09C955B}
	EndGlobalSection
EndGlobal
